
Microsoft Visual Studio Solution File, Format Version 12.00
# Visual Studio Version 17
VisualStudioVersion = 17.5.33516.290
MinimumVisualStudioVersion = 10.0.40219.1
Project("{FAE04EC0-301F-11D3-BF4B-00C04F79EFBC}") = "NaiveBayesCoinSimulation", "NaiveBayesCoinSimulation\NaiveBayesCoinSimulation.csproj", "{D151528A-873E-4B50-9550-509341FEA5AE}"
EndProject
Global
	GlobalSection(SolutionConfigurationPlatforms) = preSolution
		Debug|Any CPU = Debug|Any CPU
		Release|Any CPU = Release|Any CPU
	EndGlobalSection
	GlobalSection(ProjectConfigurationPlatforms) = postSolution
		{D151528A-873E-4B50-9550-509341FEA5AE}.Debug|Any CPU.ActiveCfg = Debug|Any CPU
		{D151528A-873E-4B50-9550-509341FEA5AE}.Debug|Any CPU.Build.0 = Debug|Any CPU
		{D151528A-873E-4B50-9550-509341FEA5AE}.Release|Any CPU.ActiveCfg = Release|Any CPU
		{D151528A-873E-4B50-9550-509341FEA5AE}.Release|Any CPU.Build.0 = Release|Any CPU
	EndGlobalSection
	GlobalSection(SolutionProperties) = preSolution
		HideSolutionNode = FALSE
	EndGlobalSection
	GlobalSection(ExtensibilityGlobals) = postSolution
		SolutionGuid = {6FFF0EA2-E53D-4CCB-A48B-F441FEA2C553}
	EndGlobalSection
EndGlobal
